// !$*UTF8*$!
{
	archiveVersion = 1;
	classes = {
	};
	objectVersion = 51;
	objects = {

/* Begin PBXBuildFile section */
		3928A84520A470DA943E545E /* Pods_KODE_RecipesTests.framework in Frameworks */ = {isa = PBXBuildFile; fileRef = 0042F28CD00DE36D0E035AE5 /* Pods_KODE_RecipesTests.framework */; };
		4AABC6CF47637BF088605A4B /* Pods_KODE_Recipes_KODE_RecipesUITests.framework in Frameworks */ = {isa = PBXBuildFile; fileRef = 82FFE5D28E8C3046305F0228 /* Pods_KODE_Recipes_KODE_RecipesUITests.framework */; };
		934DA4C426675C260037D829 /* AppDelegate.swift in Sources */ = {isa = PBXBuildFile; fileRef = 934DA4C326675C260037D829 /* AppDelegate.swift */; };
		934DA4C626675C260037D829 /* SceneDelegate.swift in Sources */ = {isa = PBXBuildFile; fileRef = 934DA4C526675C260037D829 /* SceneDelegate.swift */; };
		934DA4C826675C260037D829 /* ViewController.swift in Sources */ = {isa = PBXBuildFile; fileRef = 934DA4C726675C260037D829 /* ViewController.swift */; };
		934DA4CB26675C260037D829 /* Main.storyboard in Resources */ = {isa = PBXBuildFile; fileRef = 934DA4C926675C260037D829 /* Main.storyboard */; };
		934DA4CD26675C280037D829 /* Assets.xcassets in Resources */ = {isa = PBXBuildFile; fileRef = 934DA4CC26675C280037D829 /* Assets.xcassets */; };
		934DA4D026675C280037D829 /* LaunchScreen.storyboard in Resources */ = {isa = PBXBuildFile; fileRef = 934DA4CE26675C280037D829 /* LaunchScreen.storyboard */; };
		934DA4DB26675C280037D829 /* KODE_RecipesTests.swift in Sources */ = {isa = PBXBuildFile; fileRef = 934DA4DA26675C280037D829 /* KODE_RecipesTests.swift */; };
		934DA4E626675C280037D829 /* KODE_RecipesUITests.swift in Sources */ = {isa = PBXBuildFile; fileRef = 934DA4E526675C280037D829 /* KODE_RecipesUITests.swift */; };
		934DA517266771DC0037D829 /* Coordinator.swift in Sources */ = {isa = PBXBuildFile; fileRef = 934DA516266771DC0037D829 /* Coordinator.swift */; };
		934DA51F266771F90037D829 /* AppCoordinator.swift in Sources */ = {isa = PBXBuildFile; fileRef = 934DA51E266771F90037D829 /* AppCoordinator.swift */; };
		934DA529266773270037D829 /* ApiClient.swift in Sources */ = {isa = PBXBuildFile; fileRef = 934DA528266773270037D829 /* ApiClient.swift */; };
		934DA531266773330037D829 /* DatabaseClient.swift in Sources */ = {isa = PBXBuildFile; fileRef = 934DA530266773330037D829 /* DatabaseClient.swift */; };
		934DA5362667737A0037D829 /* Repository.swift in Sources */ = {isa = PBXBuildFile; fileRef = 934DA5352667737A0037D829 /* Repository.swift */; };
		934DA53E26677A830037D829 /* RecipesContainerAC.swift in Sources */ = {isa = PBXBuildFile; fileRef = 934DA53D26677A830037D829 /* RecipesContainerAC.swift */; };
		934DA54626677AF80037D829 /* RecipeAC.swift in Sources */ = {isa = PBXBuildFile; fileRef = 934DA54526677AF80037D829 /* RecipeAC.swift */; };
		934DA5682668B9200037D829 /* RecipesListViewController.swift in Sources */ = {isa = PBXBuildFile; fileRef = 934DA5662668B9200037D829 /* RecipesListViewController.swift */; };
		934DA5692668B9200037D829 /* RecipesListViewController.xib in Resources */ = {isa = PBXBuildFile; fileRef = 934DA5672668B9200037D829 /* RecipesListViewController.xib */; };
		F0B1235C67BCD2B314627A90 /* Pods_KODE_Recipes.framework in Frameworks */ = {isa = PBXBuildFile; fileRef = 5C9170DDB4484CB3722715B6 /* Pods_KODE_Recipes.framework */; };
/* End PBXBuildFile section */

/* Begin PBXContainerItemProxy section */
		934DA4D726675C280037D829 /* PBXContainerItemProxy */ = {
			isa = PBXContainerItemProxy;
			containerPortal = 934DA4B826675C260037D829 /* Project object */;
			proxyType = 1;
			remoteGlobalIDString = 934DA4BF26675C260037D829;
			remoteInfo = "KODE-Recipes";
		};
		934DA4E226675C280037D829 /* PBXContainerItemProxy */ = {
			isa = PBXContainerItemProxy;
			containerPortal = 934DA4B826675C260037D829 /* Project object */;
			proxyType = 1;
			remoteGlobalIDString = 934DA4BF26675C260037D829;
			remoteInfo = "KODE-Recipes";
		};
/* End PBXContainerItemProxy section */

/* Begin PBXFileReference section */
		0042F28CD00DE36D0E035AE5 /* Pods_KODE_RecipesTests.framework */ = {isa = PBXFileReference; explicitFileType = wrapper.framework; includeInIndex = 0; path = Pods_KODE_RecipesTests.framework; sourceTree = BUILT_PRODUCTS_DIR; };
		05F716C926FD0E55F3E4B457 /* Pods-KODE-Recipes-KODE-RecipesUITests.release.xcconfig */ = {isa = PBXFileReference; includeInIndex = 1; lastKnownFileType = text.xcconfig; name = "Pods-KODE-Recipes-KODE-RecipesUITests.release.xcconfig"; path = "Target Support Files/Pods-KODE-Recipes-KODE-RecipesUITests/Pods-KODE-Recipes-KODE-RecipesUITests.release.xcconfig"; sourceTree = "<group>"; };
		0E363EAF47C28CE50A2A3DA9 /* Pods-KODE-RecipesTests.debug.xcconfig */ = {isa = PBXFileReference; includeInIndex = 1; lastKnownFileType = text.xcconfig; name = "Pods-KODE-RecipesTests.debug.xcconfig"; path = "Target Support Files/Pods-KODE-RecipesTests/Pods-KODE-RecipesTests.debug.xcconfig"; sourceTree = "<group>"; };
		2DCFF48E48363D706471EBB1 /* Pods-KODE-RecipesTests.release.xcconfig */ = {isa = PBXFileReference; includeInIndex = 1; lastKnownFileType = text.xcconfig; name = "Pods-KODE-RecipesTests.release.xcconfig"; path = "Target Support Files/Pods-KODE-RecipesTests/Pods-KODE-RecipesTests.release.xcconfig"; sourceTree = "<group>"; };
		5C9170DDB4484CB3722715B6 /* Pods_KODE_Recipes.framework */ = {isa = PBXFileReference; explicitFileType = wrapper.framework; includeInIndex = 0; path = Pods_KODE_Recipes.framework; sourceTree = BUILT_PRODUCTS_DIR; };
		82FFE5D28E8C3046305F0228 /* Pods_KODE_Recipes_KODE_RecipesUITests.framework */ = {isa = PBXFileReference; explicitFileType = wrapper.framework; includeInIndex = 0; path = Pods_KODE_Recipes_KODE_RecipesUITests.framework; sourceTree = BUILT_PRODUCTS_DIR; };
		934DA4C026675C260037D829 /* KODE-Recipes.app */ = {isa = PBXFileReference; explicitFileType = wrapper.application; includeInIndex = 0; path = "KODE-Recipes.app"; sourceTree = BUILT_PRODUCTS_DIR; };
		934DA4C326675C260037D829 /* AppDelegate.swift */ = {isa = PBXFileReference; lastKnownFileType = sourcecode.swift; path = AppDelegate.swift; sourceTree = "<group>"; };
		934DA4C526675C260037D829 /* SceneDelegate.swift */ = {isa = PBXFileReference; lastKnownFileType = sourcecode.swift; path = SceneDelegate.swift; sourceTree = "<group>"; };
		934DA4C726675C260037D829 /* ViewController.swift */ = {isa = PBXFileReference; lastKnownFileType = sourcecode.swift; path = ViewController.swift; sourceTree = "<group>"; };
		934DA4CA26675C260037D829 /* Base */ = {isa = PBXFileReference; lastKnownFileType = file.storyboard; name = Base; path = Base.lproj/Main.storyboard; sourceTree = "<group>"; };
		934DA4CC26675C280037D829 /* Assets.xcassets */ = {isa = PBXFileReference; lastKnownFileType = folder.assetcatalog; path = Assets.xcassets; sourceTree = "<group>"; };
		934DA4CF26675C280037D829 /* Base */ = {isa = PBXFileReference; lastKnownFileType = file.storyboard; name = Base; path = Base.lproj/LaunchScreen.storyboard; sourceTree = "<group>"; };
		934DA4D126675C280037D829 /* Info.plist */ = {isa = PBXFileReference; lastKnownFileType = text.plist.xml; path = Info.plist; sourceTree = "<group>"; };
		934DA4D626675C280037D829 /* KODE-RecipesTests.xctest */ = {isa = PBXFileReference; explicitFileType = wrapper.cfbundle; includeInIndex = 0; path = "KODE-RecipesTests.xctest"; sourceTree = BUILT_PRODUCTS_DIR; };
		934DA4DA26675C280037D829 /* KODE_RecipesTests.swift */ = {isa = PBXFileReference; lastKnownFileType = sourcecode.swift; path = KODE_RecipesTests.swift; sourceTree = "<group>"; };
		934DA4DC26675C280037D829 /* Info.plist */ = {isa = PBXFileReference; lastKnownFileType = text.plist.xml; path = Info.plist; sourceTree = "<group>"; };
		934DA4E126675C280037D829 /* KODE-RecipesUITests.xctest */ = {isa = PBXFileReference; explicitFileType = wrapper.cfbundle; includeInIndex = 0; path = "KODE-RecipesUITests.xctest"; sourceTree = BUILT_PRODUCTS_DIR; };
		934DA4E526675C280037D829 /* KODE_RecipesUITests.swift */ = {isa = PBXFileReference; lastKnownFileType = sourcecode.swift; path = KODE_RecipesUITests.swift; sourceTree = "<group>"; };
		934DA4E726675C280037D829 /* Info.plist */ = {isa = PBXFileReference; lastKnownFileType = text.plist.xml; path = Info.plist; sourceTree = "<group>"; };
		934DA516266771DC0037D829 /* Coordinator.swift */ = {isa = PBXFileReference; lastKnownFileType = sourcecode.swift; path = Coordinator.swift; sourceTree = "<group>"; };
		934DA51E266771F90037D829 /* AppCoordinator.swift */ = {isa = PBXFileReference; lastKnownFileType = sourcecode.swift; path = AppCoordinator.swift; sourceTree = "<group>"; };
		934DA528266773270037D829 /* ApiClient.swift */ = {isa = PBXFileReference; lastKnownFileType = sourcecode.swift; path = ApiClient.swift; sourceTree = "<group>"; };
		934DA530266773330037D829 /* DatabaseClient.swift */ = {isa = PBXFileReference; lastKnownFileType = sourcecode.swift; path = DatabaseClient.swift; sourceTree = "<group>"; };
		934DA5352667737A0037D829 /* Repository.swift */ = {isa = PBXFileReference; lastKnownFileType = sourcecode.swift; path = Repository.swift; sourceTree = "<group>"; };
		934DA53D26677A830037D829 /* RecipesContainerAC.swift */ = {isa = PBXFileReference; lastKnownFileType = sourcecode.swift; path = RecipesContainerAC.swift; sourceTree = "<group>"; };
		934DA54526677AF80037D829 /* RecipeAC.swift */ = {isa = PBXFileReference; lastKnownFileType = sourcecode.swift; path = RecipeAC.swift; sourceTree = "<group>"; };
		934DA5662668B9200037D829 /* RecipesListViewController.swift */ = {isa = PBXFileReference; lastKnownFileType = sourcecode.swift; path = RecipesListViewController.swift; sourceTree = "<group>"; };
		934DA5672668B9200037D829 /* RecipesListViewController.xib */ = {isa = PBXFileReference; lastKnownFileType = file.xib; path = RecipesListViewController.xib; sourceTree = "<group>"; };
		9E54B976B82F080D7615C664 /* Pods-KODE-Recipes.debug.xcconfig */ = {isa = PBXFileReference; includeInIndex = 1; lastKnownFileType = text.xcconfig; name = "Pods-KODE-Recipes.debug.xcconfig"; path = "Target Support Files/Pods-KODE-Recipes/Pods-KODE-Recipes.debug.xcconfig"; sourceTree = "<group>"; };
		D237F24527C4507A715E084A /* Pods-KODE-Recipes.release.xcconfig */ = {isa = PBXFileReference; includeInIndex = 1; lastKnownFileType = text.xcconfig; name = "Pods-KODE-Recipes.release.xcconfig"; path = "Target Support Files/Pods-KODE-Recipes/Pods-KODE-Recipes.release.xcconfig"; sourceTree = "<group>"; };
		ECA258D8C25A2BBC74EC1550 /* Pods-KODE-Recipes-KODE-RecipesUITests.debug.xcconfig */ = {isa = PBXFileReference; includeInIndex = 1; lastKnownFileType = text.xcconfig; name = "Pods-KODE-Recipes-KODE-RecipesUITests.debug.xcconfig"; path = "Target Support Files/Pods-KODE-Recipes-KODE-RecipesUITests/Pods-KODE-Recipes-KODE-RecipesUITests.debug.xcconfig"; sourceTree = "<group>"; };
/* End PBXFileReference section */

/* Begin PBXFrameworksBuildPhase section */
		934DA4BD26675C260037D829 /* Frameworks */ = {
			isa = PBXFrameworksBuildPhase;
			buildActionMask = 2147483647;
			files = (
				F0B1235C67BCD2B314627A90 /* Pods_KODE_Recipes.framework in Frameworks */,
			);
			runOnlyForDeploymentPostprocessing = 0;
		};
		934DA4D326675C280037D829 /* Frameworks */ = {
			isa = PBXFrameworksBuildPhase;
			buildActionMask = 2147483647;
			files = (
				3928A84520A470DA943E545E /* Pods_KODE_RecipesTests.framework in Frameworks */,
			);
			runOnlyForDeploymentPostprocessing = 0;
		};
		934DA4DE26675C280037D829 /* Frameworks */ = {
			isa = PBXFrameworksBuildPhase;
			buildActionMask = 2147483647;
			files = (
				4AABC6CF47637BF088605A4B /* Pods_KODE_Recipes_KODE_RecipesUITests.framework in Frameworks */,
			);
			runOnlyForDeploymentPostprocessing = 0;
		};
/* End PBXFrameworksBuildPhase section */

/* Begin PBXGroup section */
		934DA4B726675C260037D829 = {
			isa = PBXGroup;
			children = (
				934DA4C226675C260037D829 /* KODE-Recipes */,
				934DA4D926675C280037D829 /* KODE-RecipesTests */,
				934DA4E426675C280037D829 /* KODE-RecipesUITests */,
				934DA4C126675C260037D829 /* Products */,
				AC69383ECD5DF421907E49F5 /* Pods */,
				B2052A44B7BC7786B1AEC8C6 /* Frameworks */,
			);
			sourceTree = "<group>";
		};
		934DA4C126675C260037D829 /* Products */ = {
			isa = PBXGroup;
			children = (
				934DA4C026675C260037D829 /* KODE-Recipes.app */,
				934DA4D626675C280037D829 /* KODE-RecipesTests.xctest */,
				934DA4E126675C280037D829 /* KODE-RecipesUITests.xctest */,
			);
			name = Products;
			sourceTree = "<group>";
		};
		934DA4C226675C260037D829 /* KODE-Recipes */ = {
			isa = PBXGroup;
			children = (
				934DA503266769A70037D829 /* Scenes */,
				934DA504266769AD0037D829 /* Support */,
				934DA4C326675C260037D829 /* AppDelegate.swift */,
				934DA4C526675C260037D829 /* SceneDelegate.swift */,
				934DA4C726675C260037D829 /* ViewController.swift */,
				934DA4C926675C260037D829 /* Main.storyboard */,
				934DA4CC26675C280037D829 /* Assets.xcassets */,
				934DA4D126675C280037D829 /* Info.plist */,
			);
			path = "KODE-Recipes";
			sourceTree = "<group>";
		};
		934DA4D926675C280037D829 /* KODE-RecipesTests */ = {
			isa = PBXGroup;
			children = (
				934DA4DA26675C280037D829 /* KODE_RecipesTests.swift */,
				934DA4DC26675C280037D829 /* Info.plist */,
			);
			path = "KODE-RecipesTests";
			sourceTree = "<group>";
		};
		934DA4E426675C280037D829 /* KODE-RecipesUITests */ = {
			isa = PBXGroup;
			children = (
				934DA4E526675C280037D829 /* KODE_RecipesUITests.swift */,
				934DA4E726675C280037D829 /* Info.plist */,
			);
			path = "KODE-RecipesUITests";
			sourceTree = "<group>";
		};
		934DA503266769A70037D829 /* Scenes */ = {
			isa = PBXGroup;
			children = (
				934DA4CE26675C280037D829 /* LaunchScreen.storyboard */,
				934DA516266771DC0037D829 /* Coordinator.swift */,
				934DA51E266771F90037D829 /* AppCoordinator.swift */,
				934DA50E266770350037D829 /* Recipes List */,
			);
			path = Scenes;
			sourceTree = "<group>";
		};
		934DA504266769AD0037D829 /* Support */ = {
			isa = PBXGroup;
			children = (
				934DA509266769EC0037D829 /* ApiClient */,
				934DA508266769E70037D829 /* DatabaseClient */,
				934DA5352667737A0037D829 /* Repository.swift */,
			);
			path = Support;
			sourceTree = "<group>";
		};
		934DA508266769E70037D829 /* DatabaseClient */ = {
			isa = PBXGroup;
			children = (
				934DA530266773330037D829 /* DatabaseClient.swift */,
				934DA5272667731A0037D829 /* Models */,
			);
			path = DatabaseClient;
			sourceTree = "<group>";
		};
		934DA509266769EC0037D829 /* ApiClient */ = {
			isa = PBXGroup;
			children = (
				934DA528266773270037D829 /* ApiClient.swift */,
				934DA526266773140037D829 /* Models */,
			);
			name = ApiClient;
			sourceTree = "<group>";
		};
		934DA50E266770350037D829 /* Recipes List */ = {
			isa = PBXGroup;
			children = (
				934DA5122667714B0037D829 /* Views */,
				934DA5152667716B0037D829 /* ViewControllers */,
				934DA513266771520037D829 /* ViewModels */,
				934DA514266771580037D829 /* Models */,
			);
			path = "Recipes List";
			sourceTree = "<group>";
		};
		934DA5122667714B0037D829 /* Views */ = {
			isa = PBXGroup;
			children = (
				934DA5672668B9200037D829 /* RecipesListViewController.xib */,
			);
			path = Views;
			sourceTree = "<group>";
		};
		934DA513266771520037D829 /* ViewModels */ = {
			isa = PBXGroup;
			children = (
			);
			path = ViewModels;
			sourceTree = "<group>";
		};
		934DA514266771580037D829 /* Models */ = {
			isa = PBXGroup;
			children = (
			);
			path = Models;
			sourceTree = "<group>";
		};
		934DA5152667716B0037D829 /* ViewControllers */ = {
			isa = PBXGroup;
			children = (
				934DA5662668B9200037D829 /* RecipesListViewController.swift */,
			);
			path = ViewControllers;
			sourceTree = "<group>";
		};
		934DA526266773140037D829 /* Models */ = {
			isa = PBXGroup;
			children = (
				934DA53D26677A830037D829 /* RecipesContainerAC.swift */,
				934DA54526677AF80037D829 /* RecipeAC.swift */,
			);
			name = Models;
			sourceTree = "<group>";
		};
		934DA5272667731A0037D829 /* Models */ = {
			isa = PBXGroup;
			children = (
			);
			path = Models;
			sourceTree = "<group>";
		};
		AC69383ECD5DF421907E49F5 /* Pods */ = {
			isa = PBXGroup;
			children = (
				9E54B976B82F080D7615C664 /* Pods-KODE-Recipes.debug.xcconfig */,
				D237F24527C4507A715E084A /* Pods-KODE-Recipes.release.xcconfig */,
				ECA258D8C25A2BBC74EC1550 /* Pods-KODE-Recipes-KODE-RecipesUITests.debug.xcconfig */,
				05F716C926FD0E55F3E4B457 /* Pods-KODE-Recipes-KODE-RecipesUITests.release.xcconfig */,
				0E363EAF47C28CE50A2A3DA9 /* Pods-KODE-RecipesTests.debug.xcconfig */,
				2DCFF48E48363D706471EBB1 /* Pods-KODE-RecipesTests.release.xcconfig */,
			);
			path = Pods;
			sourceTree = "<group>";
		};
		B2052A44B7BC7786B1AEC8C6 /* Frameworks */ = {
			isa = PBXGroup;
			children = (
				5C9170DDB4484CB3722715B6 /* Pods_KODE_Recipes.framework */,
				82FFE5D28E8C3046305F0228 /* Pods_KODE_Recipes_KODE_RecipesUITests.framework */,
				0042F28CD00DE36D0E035AE5 /* Pods_KODE_RecipesTests.framework */,
			);
			name = Frameworks;
			sourceTree = "<group>";
		};
/* End PBXGroup section */

/* Begin PBXNativeTarget section */
		934DA4BF26675C260037D829 /* KODE-Recipes */ = {
			isa = PBXNativeTarget;
			buildConfigurationList = 934DA4EA26675C280037D829 /* Build configuration list for PBXNativeTarget "KODE-Recipes" */;
			buildPhases = (
				6008391D74CACFB12E7E31FA /* [CP] Check Pods Manifest.lock */,
				934DA4BC26675C260037D829 /* Sources */,
				934DA4BD26675C260037D829 /* Frameworks */,
				934DA4BE26675C260037D829 /* Resources */,
				A1974AE4478867B3C97539CF /* [CP] Embed Pods Frameworks */,
			);
			buildRules = (
			);
			dependencies = (
			);
			name = "KODE-Recipes";
			productName = "KODE-Recipes";
			productReference = 934DA4C026675C260037D829 /* KODE-Recipes.app */;
			productType = "com.apple.product-type.application";
		};
		934DA4D526675C280037D829 /* KODE-RecipesTests */ = {
			isa = PBXNativeTarget;
			buildConfigurationList = 934DA4ED26675C280037D829 /* Build configuration list for PBXNativeTarget "KODE-RecipesTests" */;
			buildPhases = (
				855ABEC441C728CD45222501 /* [CP] Check Pods Manifest.lock */,
				934DA4D226675C280037D829 /* Sources */,
				934DA4D326675C280037D829 /* Frameworks */,
				934DA4D426675C280037D829 /* Resources */,
			);
			buildRules = (
			);
			dependencies = (
				934DA4D826675C280037D829 /* PBXTargetDependency */,
			);
			name = "KODE-RecipesTests";
			productName = "KODE-RecipesTests";
			productReference = 934DA4D626675C280037D829 /* KODE-RecipesTests.xctest */;
			productType = "com.apple.product-type.bundle.unit-test";
		};
		934DA4E026675C280037D829 /* KODE-RecipesUITests */ = {
			isa = PBXNativeTarget;
			buildConfigurationList = 934DA4F026675C280037D829 /* Build configuration list for PBXNativeTarget "KODE-RecipesUITests" */;
			buildPhases = (
				C12D7965411FF986301B665B /* [CP] Check Pods Manifest.lock */,
				934DA4DD26675C280037D829 /* Sources */,
				934DA4DE26675C280037D829 /* Frameworks */,
				934DA4DF26675C280037D829 /* Resources */,
				A825B3C1ADFD61152C1EAB1F /* [CP] Embed Pods Frameworks */,
			);
			buildRules = (
			);
			dependencies = (
				934DA4E326675C280037D829 /* PBXTargetDependency */,
			);
			name = "KODE-RecipesUITests";
			productName = "KODE-RecipesUITests";
			productReference = 934DA4E126675C280037D829 /* KODE-RecipesUITests.xctest */;
			productType = "com.apple.product-type.bundle.ui-testing";
		};
/* End PBXNativeTarget section */

/* Begin PBXProject section */
		934DA4B826675C260037D829 /* Project object */ = {
			isa = PBXProject;
			attributes = {
				LastSwiftUpdateCheck = 1240;
				LastUpgradeCheck = 1240;
				TargetAttributes = {
					934DA4BF26675C260037D829 = {
						CreatedOnToolsVersion = 12.4;
					};
					934DA4D526675C280037D829 = {
						CreatedOnToolsVersion = 12.4;
						TestTargetID = 934DA4BF26675C260037D829;
					};
					934DA4E026675C280037D829 = {
						CreatedOnToolsVersion = 12.4;
						TestTargetID = 934DA4BF26675C260037D829;
					};
				};
			};
			buildConfigurationList = 934DA4BB26675C260037D829 /* Build configuration list for PBXProject "KODE-Recipes" */;
			compatibilityVersion = "Xcode 9.3";
			developmentRegion = en;
			hasScannedForEncodings = 0;
			knownRegions = (
				en,
				Base,
			);
			mainGroup = 934DA4B726675C260037D829;
			productRefGroup = 934DA4C126675C260037D829 /* Products */;
			projectDirPath = "";
			projectRoot = "";
			targets = (
				934DA4BF26675C260037D829 /* KODE-Recipes */,
				934DA4D526675C280037D829 /* KODE-RecipesTests */,
				934DA4E026675C280037D829 /* KODE-RecipesUITests */,
			);
		};
/* End PBXProject section */

/* Begin PBXResourcesBuildPhase section */
		934DA4BE26675C260037D829 /* Resources */ = {
			isa = PBXResourcesBuildPhase;
			buildActionMask = 2147483647;
			files = (
				934DA5692668B9200037D829 /* RecipesListViewController.xib in Resources */,
				934DA4D026675C280037D829 /* LaunchScreen.storyboard in Resources */,
				934DA4CD26675C280037D829 /* Assets.xcassets in Resources */,
				934DA4CB26675C260037D829 /* Main.storyboard in Resources */,
			);
			runOnlyForDeploymentPostprocessing = 0;
		};
		934DA4D426675C280037D829 /* Resources */ = {
			isa = PBXResourcesBuildPhase;
			buildActionMask = 2147483647;
			files = (
			);
			runOnlyForDeploymentPostprocessing = 0;
		};
		934DA4DF26675C280037D829 /* Resources */ = {
			isa = PBXResourcesBuildPhase;
			buildActionMask = 2147483647;
			files = (
			);
			runOnlyForDeploymentPostprocessing = 0;
		};
/* End PBXResourcesBuildPhase section */

/* Begin PBXShellScriptBuildPhase section */
		6008391D74CACFB12E7E31FA /* [CP] Check Pods Manifest.lock */ = {
			isa = PBXShellScriptBuildPhase;
			buildActionMask = 2147483647;
			files = (
			);
			inputFileListPaths = (
			);
			inputPaths = (
				"${PODS_PODFILE_DIR_PATH}/Podfile.lock",
				"${PODS_ROOT}/Manifest.lock",
			);
			name = "[CP] Check Pods Manifest.lock";
			outputFileListPaths = (
			);
			outputPaths = (
				"$(DERIVED_FILE_DIR)/Pods-KODE-Recipes-checkManifestLockResult.txt",
			);
			runOnlyForDeploymentPostprocessing = 0;
			shellPath = /bin/sh;
			shellScript = "diff \"${PODS_PODFILE_DIR_PATH}/Podfile.lock\" \"${PODS_ROOT}/Manifest.lock\" > /dev/null\nif [ $? != 0 ] ; then\n    # print error to STDERR\n    echo \"error: The sandbox is not in sync with the Podfile.lock. Run 'pod install' or update your CocoaPods installation.\" >&2\n    exit 1\nfi\n# This output is used by Xcode 'outputs' to avoid re-running this script phase.\necho \"SUCCESS\" > \"${SCRIPT_OUTPUT_FILE_0}\"\n";
			showEnvVarsInLog = 0;
		};
		855ABEC441C728CD45222501 /* [CP] Check Pods Manifest.lock */ = {
			isa = PBXShellScriptBuildPhase;
			buildActionMask = 2147483647;
			files = (
			);
			inputFileListPaths = (
			);
			inputPaths = (
				"${PODS_PODFILE_DIR_PATH}/Podfile.lock",
				"${PODS_ROOT}/Manifest.lock",
			);
			name = "[CP] Check Pods Manifest.lock";
			outputFileListPaths = (
			);
			outputPaths = (
				"$(DERIVED_FILE_DIR)/Pods-KODE-RecipesTests-checkManifestLockResult.txt",
			);
			runOnlyForDeploymentPostprocessing = 0;
			shellPath = /bin/sh;
			shellScript = "diff \"${PODS_PODFILE_DIR_PATH}/Podfile.lock\" \"${PODS_ROOT}/Manifest.lock\" > /dev/null\nif [ $? != 0 ] ; then\n    # print error to STDERR\n    echo \"error: The sandbox is not in sync with the Podfile.lock. Run 'pod install' or update your CocoaPods installation.\" >&2\n    exit 1\nfi\n# This output is used by Xcode 'outputs' to avoid re-running this script phase.\necho \"SUCCESS\" > \"${SCRIPT_OUTPUT_FILE_0}\"\n";
			showEnvVarsInLog = 0;
		};
		A1974AE4478867B3C97539CF /* [CP] Embed Pods Frameworks */ = {
			isa = PBXShellScriptBuildPhase;
			buildActionMask = 2147483647;
			files = (
			);
			inputFileListPaths = (
				"${PODS_ROOT}/Target Support Files/Pods-KODE-Recipes/Pods-KODE-Recipes-frameworks-${CONFIGURATION}-input-files.xcfilelist",
			);
			name = "[CP] Embed Pods Frameworks";
			outputFileListPaths = (
				"${PODS_ROOT}/Target Support Files/Pods-KODE-Recipes/Pods-KODE-Recipes-frameworks-${CONFIGURATION}-output-files.xcfilelist",
			);
			runOnlyForDeploymentPostprocessing = 0;
			shellPath = /bin/sh;
			shellScript = "\"${PODS_ROOT}/Target Support Files/Pods-KODE-Recipes/Pods-KODE-Recipes-frameworks.sh\"\n";
			showEnvVarsInLog = 0;
		};
		A825B3C1ADFD61152C1EAB1F /* [CP] Embed Pods Frameworks */ = {
			isa = PBXShellScriptBuildPhase;
			buildActionMask = 2147483647;
			files = (
			);
			inputFileListPaths = (
				"${PODS_ROOT}/Target Support Files/Pods-KODE-Recipes-KODE-RecipesUITests/Pods-KODE-Recipes-KODE-RecipesUITests-frameworks-${CONFIGURATION}-input-files.xcfilelist",
			);
			name = "[CP] Embed Pods Frameworks";
			outputFileListPaths = (
				"${PODS_ROOT}/Target Support Files/Pods-KODE-Recipes-KODE-RecipesUITests/Pods-KODE-Recipes-KODE-RecipesUITests-frameworks-${CONFIGURATION}-output-files.xcfilelist",
			);
			runOnlyForDeploymentPostprocessing = 0;
			shellPath = /bin/sh;
			shellScript = "\"${PODS_ROOT}/Target Support Files/Pods-KODE-Recipes-KODE-RecipesUITests/Pods-KODE-Recipes-KODE-RecipesUITests-frameworks.sh\"\n";
			showEnvVarsInLog = 0;
		};
		C12D7965411FF986301B665B /* [CP] Check Pods Manifest.lock */ = {
			isa = PBXShellScriptBuildPhase;
			buildActionMask = 2147483647;
			files = (
			);
			inputFileListPaths = (
			);
			inputPaths = (
				"${PODS_PODFILE_DIR_PATH}/Podfile.lock",
				"${PODS_ROOT}/Manifest.lock",
			);
			name = "[CP] Check Pods Manifest.lock";
			outputFileListPaths = (
			);
			outputPaths = (
				"$(DERIVED_FILE_DIR)/Pods-KODE-Recipes-KODE-RecipesUITests-checkManifestLockResult.txt",
			);
			runOnlyForDeploymentPostprocessing = 0;
			shellPath = /bin/sh;
			shellScript = "diff \"${PODS_PODFILE_DIR_PATH}/Podfile.lock\" \"${PODS_ROOT}/Manifest.lock\" > /dev/null\nif [ $? != 0 ] ; then\n    # print error to STDERR\n    echo \"error: The sandbox is not in sync with the Podfile.lock. Run 'pod install' or update your CocoaPods installation.\" >&2\n    exit 1\nfi\n# This output is used by Xcode 'outputs' to avoid re-running this script phase.\necho \"SUCCESS\" > \"${SCRIPT_OUTPUT_FILE_0}\"\n";
			showEnvVarsInLog = 0;
		};
/* End PBXShellScriptBuildPhase section */

/* Begin PBXSourcesBuildPhase section */
		934DA4BC26675C260037D829 /* Sources */ = {
			isa = PBXSourcesBuildPhase;
			buildActionMask = 2147483647;
			files = (
				934DA531266773330037D829 /* DatabaseClient.swift in Sources */,
				934DA517266771DC0037D829 /* Coordinator.swift in Sources */,
				934DA53E26677A830037D829 /* RecipesContainerAC.swift in Sources */,
				934DA4C826675C260037D829 /* ViewController.swift in Sources */,
				934DA5362667737A0037D829 /* Repository.swift in Sources */,
				934DA51F266771F90037D829 /* AppCoordinator.swift in Sources */,
				934DA5682668B9200037D829 /* RecipesListViewController.swift in Sources */,
				934DA4C426675C260037D829 /* AppDelegate.swift in Sources */,
				934DA4C626675C260037D829 /* SceneDelegate.swift in Sources */,
				934DA529266773270037D829 /* ApiClient.swift in Sources */,
				934DA54626677AF80037D829 /* RecipeAC.swift in Sources */,
			);
			runOnlyForDeploymentPostprocessing = 0;
		};
		934DA4D226675C280037D829 /* Sources */ = {
			isa = PBXSourcesBuildPhase;
			buildActionMask = 2147483647;
			files = (
				934DA4DB26675C280037D829 /* KODE_RecipesTests.swift in Sources */,
			);
			runOnlyForDeploymentPostprocessing = 0;
		};
		934DA4DD26675C280037D829 /* Sources */ = {
			isa = PBXSourcesBuildPhase;
			buildActionMask = 2147483647;
			files = (
				934DA4E626675C280037D829 /* KODE_RecipesUITests.swift in Sources */,
			);
			runOnlyForDeploymentPostprocessing = 0;
		};
/* End PBXSourcesBuildPhase section */

/* Begin PBXTargetDependency section */
		934DA4D826675C280037D829 /* PBXTargetDependency */ = {
			isa = PBXTargetDependency;
			target = 934DA4BF26675C260037D829 /* KODE-Recipes */;
			targetProxy = 934DA4D726675C280037D829 /* PBXContainerItemProxy */;
		};
		934DA4E326675C280037D829 /* PBXTargetDependency */ = {
			isa = PBXTargetDependency;
			target = 934DA4BF26675C260037D829 /* KODE-Recipes */;
			targetProxy = 934DA4E226675C280037D829 /* PBXContainerItemProxy */;
		};
/* End PBXTargetDependency section */

/* Begin PBXVariantGroup section */
		934DA4C926675C260037D829 /* Main.storyboard */ = {
			isa = PBXVariantGroup;
			children = (
				934DA4CA26675C260037D829 /* Base */,
			);
			name = Main.storyboard;
			sourceTree = "<group>";
		};
		934DA4CE26675C280037D829 /* LaunchScreen.storyboard */ = {
			isa = PBXVariantGroup;
			children = (
				934DA4CF26675C280037D829 /* Base */,
			);
			name = LaunchScreen.storyboard;
			sourceTree = "<group>";
		};
/* End PBXVariantGroup section */

/* Begin XCBuildConfiguration section */
		934DA4E826675C280037D829 /* Debug */ = {
			isa = XCBuildConfiguration;
			buildSettings = {
				ALWAYS_SEARCH_USER_PATHS = NO;
				CLANG_ANALYZER_NONNULL = YES;
				CLANG_ANALYZER_NUMBER_OBJECT_CONVERSION = YES_AGGRESSIVE;
				CLANG_CXX_LANGUAGE_STANDARD = "gnu++14";
				CLANG_CXX_LIBRARY = "libc++";
				CLANG_ENABLE_MODULES = YES;
				CLANG_ENABLE_OBJC_ARC = YES;
				CLANG_ENABLE_OBJC_WEAK = YES;
				CLANG_WARN_BLOCK_CAPTURE_AUTORELEASING = YES;
				CLANG_WARN_BOOL_CONVERSION = YES;
				CLANG_WARN_COMMA = YES;
				CLANG_WARN_CONSTANT_CONVERSION = YES;
				CLANG_WARN_DEPRECATED_OBJC_IMPLEMENTATIONS = YES;
				CLANG_WARN_DIRECT_OBJC_ISA_USAGE = YES_ERROR;
				CLANG_WARN_DOCUMENTATION_COMMENTS = YES;
				CLANG_WARN_EMPTY_BODY = YES;
				CLANG_WARN_ENUM_CONVERSION = YES;
				CLANG_WARN_INFINITE_RECURSION = YES;
				CLANG_WARN_INT_CONVERSION = YES;
				CLANG_WARN_NON_LITERAL_NULL_CONVERSION = YES;
				CLANG_WARN_OBJC_IMPLICIT_RETAIN_SELF = YES;
				CLANG_WARN_OBJC_LITERAL_CONVERSION = YES;
				CLANG_WARN_OBJC_ROOT_CLASS = YES_ERROR;
				CLANG_WARN_QUOTED_INCLUDE_IN_FRAMEWORK_HEADER = YES;
				CLANG_WARN_RANGE_LOOP_ANALYSIS = YES;
				CLANG_WARN_STRICT_PROTOTYPES = YES;
				CLANG_WARN_SUSPICIOUS_MOVE = YES;
				CLANG_WARN_UNGUARDED_AVAILABILITY = YES_AGGRESSIVE;
				CLANG_WARN_UNREACHABLE_CODE = YES;
				CLANG_WARN__DUPLICATE_METHOD_MATCH = YES;
				COPY_PHASE_STRIP = NO;
				DEBUG_INFORMATION_FORMAT = dwarf;
				ENABLE_STRICT_OBJC_MSGSEND = YES;
				ENABLE_TESTABILITY = YES;
				GCC_C_LANGUAGE_STANDARD = gnu11;
				GCC_DYNAMIC_NO_PIC = NO;
				GCC_NO_COMMON_BLOCKS = YES;
				GCC_OPTIMIZATION_LEVEL = 0;
				GCC_PREPROCESSOR_DEFINITIONS = (
					"DEBUG=1",
					"$(inherited)",
				);
				GCC_WARN_64_TO_32_BIT_CONVERSION = YES;
				GCC_WARN_ABOUT_RETURN_TYPE = YES_ERROR;
				GCC_WARN_UNDECLARED_SELECTOR = YES;
				GCC_WARN_UNINITIALIZED_AUTOS = YES_AGGRESSIVE;
				GCC_WARN_UNUSED_FUNCTION = YES;
				GCC_WARN_UNUSED_VARIABLE = YES;
				IPHONEOS_DEPLOYMENT_TARGET = 14.4;
				MTL_ENABLE_DEBUG_INFO = INCLUDE_SOURCE;
				MTL_FAST_MATH = YES;
				ONLY_ACTIVE_ARCH = YES;
				SDKROOT = iphoneos;
				SWIFT_ACTIVE_COMPILATION_CONDITIONS = DEBUG;
				SWIFT_OPTIMIZATION_LEVEL = "-Onone";
			};
			name = Debug;
		};
		934DA4E926675C280037D829 /* Release */ = {
			isa = XCBuildConfiguration;
			buildSettings = {
				ALWAYS_SEARCH_USER_PATHS = NO;
				CLANG_ANALYZER_NONNULL = YES;
				CLANG_ANALYZER_NUMBER_OBJECT_CONVERSION = YES_AGGRESSIVE;
				CLANG_CXX_LANGUAGE_STANDARD = "gnu++14";
				CLANG_CXX_LIBRARY = "libc++";
				CLANG_ENABLE_MODULES = YES;
				CLANG_ENABLE_OBJC_ARC = YES;
				CLANG_ENABLE_OBJC_WEAK = YES;
				CLANG_WARN_BLOCK_CAPTURE_AUTORELEASING = YES;
				CLANG_WARN_BOOL_CONVERSION = YES;
				CLANG_WARN_COMMA = YES;
				CLANG_WARN_CONSTANT_CONVERSION = YES;
				CLANG_WARN_DEPRECATED_OBJC_IMPLEMENTATIONS = YES;
				CLANG_WARN_DIRECT_OBJC_ISA_USAGE = YES_ERROR;
				CLANG_WARN_DOCUMENTATION_COMMENTS = YES;
				CLANG_WARN_EMPTY_BODY = YES;
				CLANG_WARN_ENUM_CONVERSION = YES;
				CLANG_WARN_INFINITE_RECURSION = YES;
				CLANG_WARN_INT_CONVERSION = YES;
				CLANG_WARN_NON_LITERAL_NULL_CONVERSION = YES;
				CLANG_WARN_OBJC_IMPLICIT_RETAIN_SELF = YES;
				CLANG_WARN_OBJC_LITERAL_CONVERSION = YES;
				CLANG_WARN_OBJC_ROOT_CLASS = YES_ERROR;
				CLANG_WARN_QUOTED_INCLUDE_IN_FRAMEWORK_HEADER = YES;
				CLANG_WARN_RANGE_LOOP_ANALYSIS = YES;
				CLANG_WARN_STRICT_PROTOTYPES = YES;
				CLANG_WARN_SUSPICIOUS_MOVE = YES;
				CLANG_WARN_UNGUARDED_AVAILABILITY = YES_AGGRESSIVE;
				CLANG_WARN_UNREACHABLE_CODE = YES;
				CLANG_WARN__DUPLICATE_METHOD_MATCH = YES;
				COPY_PHASE_STRIP = NO;
				DEBUG_INFORMATION_FORMAT = "dwarf-with-dsym";
				ENABLE_NS_ASSERTIONS = NO;
				ENABLE_STRICT_OBJC_MSGSEND = YES;
				GCC_C_LANGUAGE_STANDARD = gnu11;
				GCC_NO_COMMON_BLOCKS = YES;
				GCC_WARN_64_TO_32_BIT_CONVERSION = YES;
				GCC_WARN_ABOUT_RETURN_TYPE = YES_ERROR;
				GCC_WARN_UNDECLARED_SELECTOR = YES;
				GCC_WARN_UNINITIALIZED_AUTOS = YES_AGGRESSIVE;
				GCC_WARN_UNUSED_FUNCTION = YES;
				GCC_WARN_UNUSED_VARIABLE = YES;
				IPHONEOS_DEPLOYMENT_TARGET = 14.4;
				MTL_ENABLE_DEBUG_INFO = NO;
				MTL_FAST_MATH = YES;
				SDKROOT = iphoneos;
				SWIFT_COMPILATION_MODE = wholemodule;
				SWIFT_OPTIMIZATION_LEVEL = "-O";
				VALIDATE_PRODUCT = YES;
			};
			name = Release;
		};
		934DA4EB26675C280037D829 /* Debug */ = {
			isa = XCBuildConfiguration;
			baseConfigurationReference = 9E54B976B82F080D7615C664 /* Pods-KODE-Recipes.debug.xcconfig */;
			buildSettings = {
				ASSETCATALOG_COMPILER_APPICON_NAME = AppIcon;
				ASSETCATALOG_COMPILER_GLOBAL_ACCENT_COLOR_NAME = AccentColor;
				CODE_SIGN_STYLE = Automatic;
				DEVELOPMENT_TEAM = 73S8J9N7ZU;
				INFOPLIST_FILE = "KODE-Recipes/Info.plist";
				LD_RUNPATH_SEARCH_PATHS = (
					"$(inherited)",
					"@executable_path/Frameworks",
				);
				PRODUCT_BUNDLE_IDENTIFIER = "Daniil.KODE-Recipes";
				PRODUCT_NAME = "$(TARGET_NAME)";
				SWIFT_VERSION = 5.0;
				TARGETED_DEVICE_FAMILY = "1,2";
			};
			name = Debug;
		};
		934DA4EC26675C280037D829 /* Release */ = {
			isa = XCBuildConfiguration;
			baseConfigurationReference = D237F24527C4507A715E084A /* Pods-KODE-Recipes.release.xcconfig */;
			buildSettings = {
				ASSETCATALOG_COMPILER_APPICON_NAME = AppIcon;
				ASSETCATALOG_COMPILER_GLOBAL_ACCENT_COLOR_NAME = AccentColor;
				CODE_SIGN_STYLE = Automatic;
				DEVELOPMENT_TEAM = 73S8J9N7ZU;
				INFOPLIST_FILE = "KODE-Recipes/Info.plist";
				LD_RUNPATH_SEARCH_PATHS = (
					"$(inherited)",
					"@executable_path/Frameworks",
				);
				PRODUCT_BUNDLE_IDENTIFIER = "Daniil.KODE-Recipes";
				PRODUCT_NAME = "$(TARGET_NAME)";
				SWIFT_VERSION = 5.0;
				TARGETED_DEVICE_FAMILY = "1,2";
			};
			name = Release;
		};
		934DA4EE26675C280037D829 /* Debug */ = {
			isa = XCBuildConfiguration;
			baseConfigurationReference = 0E363EAF47C28CE50A2A3DA9 /* Pods-KODE-RecipesTests.debug.xcconfig */;
			buildSettings = {
				ALWAYS_EMBED_SWIFT_STANDARD_LIBRARIES = YES;
				BUNDLE_LOADER = "$(TEST_HOST)";
				CODE_SIGN_STYLE = Automatic;
				DEVELOPMENT_TEAM = 73S8J9N7ZU;
				INFOPLIST_FILE = "KODE-RecipesTests/Info.plist";
				IPHONEOS_DEPLOYMENT_TARGET = 14.4;
				LD_RUNPATH_SEARCH_PATHS = (
					"$(inherited)",
					"@executable_path/Frameworks",
					"@loader_path/Frameworks",
				);
				PRODUCT_BUNDLE_IDENTIFIER = "Daniil.KODE-RecipesTests";
				PRODUCT_NAME = "$(TARGET_NAME)";
				SWIFT_VERSION = 5.0;
				TARGETED_DEVICE_FAMILY = "1,2";
				TEST_HOST = "$(BUILT_PRODUCTS_DIR)/KODE-Recipes.app/KODE-Recipes";
			};
			name = Debug;
		};
		934DA4EF26675C280037D829 /* Release */ = {
			isa = XCBuildConfiguration;
			baseConfigurationReference = 2DCFF48E48363D706471EBB1 /* Pods-KODE-RecipesTests.release.xcconfig */;
			buildSettings = {
				ALWAYS_EMBED_SWIFT_STANDARD_LIBRARIES = YES;
				BUNDLE_LOADER = "$(TEST_HOST)";
				CODE_SIGN_STYLE = Automatic;
				DEVELOPMENT_TEAM = 73S8J9N7ZU;
				INFOPLIST_FILE = "KODE-RecipesTests/Info.plist";
				IPHONEOS_DEPLOYMENT_TARGET = 14.4;
				LD_RUNPATH_SEARCH_PATHS = (
					"$(inherited)",
					"@executable_path/Frameworks",
					"@loader_path/Frameworks",
				);
				PRODUCT_BUNDLE_IDENTIFIER = "Daniil.KODE-RecipesTests";
				PRODUCT_NAME = "$(TARGET_NAME)";
				SWIFT_VERSION = 5.0;
				TARGETED_DEVICE_FAMILY = "1,2";
				TEST_HOST = "$(BUILT_PRODUCTS_DIR)/KODE-Recipes.app/KODE-Recipes";
			};
			name = Release;
		};
		934DA4F126675C280037D829 /* Debug */ = {
			isa = XCBuildConfiguration;
			baseConfigurationReference = ECA258D8C25A2BBC74EC1550 /* Pods-KODE-Recipes-KODE-RecipesUITests.debug.xcconfig */;
			buildSettings = {
				ALWAYS_EMBED_SWIFT_STANDARD_LIBRARIES = YES;
				CODE_SIGN_STYLE = Automatic;
				DEVELOPMENT_TEAM = 73S8J9N7ZU;
				INFOPLIST_FILE = "KODE-RecipesUITests/Info.plist";
				LD_RUNPATH_SEARCH_PATHS = (
					"$(inherited)",
					"@executable_path/Frameworks",
					"@loader_path/Frameworks",
				);
				PRODUCT_BUNDLE_IDENTIFIER = "Daniil.KODE-RecipesUITests";
				PRODUCT_NAME = "$(TARGET_NAME)";
				SWIFT_VERSION = 5.0;
				TARGETED_DEVICE_FAMILY = "1,2";
				TEST_TARGET_NAME = "KODE-Recipes";
			};
			name = Debug;
		};
		934DA4F226675C280037D829 /* Release */ = {
			isa = XCBuildConfiguration;
			baseConfigurationReference = 05F716C926FD0E55F3E4B457 /* Pods-KODE-Recipes-KODE-RecipesUITests.release.xcconfig */;
			buildSettings = {
				ALWAYS_EMBED_SWIFT_STANDARD_LIBRARIES = YES;
				CODE_SIGN_STYLE = Automatic;
				DEVELOPMENT_TEAM = 73S8J9N7ZU;
				INFOPLIST_FILE = "KODE-RecipesUITests/Info.plist";
				LD_RUNPATH_SEARCH_PATHS = (
					"$(inherited)",
					"@executable_path/Frameworks",
					"@loader_path/Frameworks",
				);
				PRODUCT_BUNDLE_IDENTIFIER = "Daniil.KODE-RecipesUITests";
				PRODUCT_NAME = "$(TARGET_NAME)";
				SWIFT_VERSION = 5.0;
				TARGETED_DEVICE_FAMILY = "1,2";
				TEST_TARGET_NAME = "KODE-Recipes";
			};
			name = Release;
		};
/* End XCBuildConfiguration section */

/* Begin XCConfigurationList section */
		934DA4BB26675C260037D829 /* Build configuration list for PBXProject "KODE-Recipes" */ = {
			isa = XCConfigurationList;
			buildConfigurations = (
				934DA4E826675C280037D829 /* Debug */,
				934DA4E926675C280037D829 /* Release */,
			);
			defaultConfigurationIsVisible = 0;
			defaultConfigurationName = Release;
		};
		934DA4EA26675C280037D829 /* Build configuration list for PBXNativeTarget "KODE-Recipes" */ = {
			isa = XCConfigurationList;
			buildConfigurations = (
				934DA4EB26675C280037D829 /* Debug */,
				934DA4EC26675C280037D829 /* Release */,
			);
			defaultConfigurationIsVisible = 0;
			defaultConfigurationName = Release;
		};
		934DA4ED26675C280037D829 /* Build configuration list for PBXNativeTarget "KODE-RecipesTests" */ = {
			isa = XCConfigurationList;
			buildConfigurations = (
				934DA4EE26675C280037D829 /* Debug */,
				934DA4EF26675C280037D829 /* Release */,
			);
			defaultConfigurationIsVisible = 0;
			defaultConfigurationName = Release;
		};
		934DA4F026675C280037D829 /* Build configuration list for PBXNativeTarget "KODE-RecipesUITests" */ = {
			isa = XCConfigurationList;
			buildConfigurations = (
				934DA4F126675C280037D829 /* Debug */,
				934DA4F226675C280037D829 /* Release */,
			);
			defaultConfigurationIsVisible = 0;
			defaultConfigurationName = Release;
		};
/* End XCConfigurationList section */
	};
	rootObject = 934DA4B826675C260037D829 /* Project object */;
}
